
Microsoft Visual Studio Solution File, Format Version 12.00
# Visual Studio Version 17
VisualStudioVersion = 17.8.34309.116
MinimumVisualStudioVersion = 10.0.40219.1
Project("{FAE04EC0-301F-11D3-BF4B-00C04F79EFBC}") = "View", "View\View.csproj", "{784CAAC5-E068-4C9B-B36E-B44277523371}"
EndProject
Project("{FAE04EC0-301F-11D3-BF4B-00C04F79EFBC}") = "ViewModel", "ViewModel\ViewModel.csproj", "{5D3D9A3C-346E-4AEF-A9BF-AC894E811DBF}"
EndProject
Project("{FAE04EC0-301F-11D3-BF4B-00C04F79EFBC}") = "Model", "Model\Model.csproj", "{A1AB10B7-A524-4D1B-B184-47E01AD9A35A}"
EndProject
Project("{FAE04EC0-301F-11D3-BF4B-00C04F79EFBC}") = "CopierFichier", "CopierFichier\CopierFichier.csproj", "{116D022C-1A4D-42D4-8AD5-A0163C3E23C0}"
EndProject
Global
	GlobalSection(SolutionConfigurationPlatforms) = preSolution
		Debug|Any CPU = Debug|Any CPU
		Release|Any CPU = Release|Any CPU
	EndGlobalSection
	GlobalSection(ProjectConfigurationPlatforms) = postSolution
		{784CAAC5-E068-4C9B-B36E-B44277523371}.Debug|Any CPU.ActiveCfg = Debug|Any CPU
		{784CAAC5-E068-4C9B-B36E-B44277523371}.Debug|Any CPU.Build.0 = Debug|Any CPU
		{784CAAC5-E068-4C9B-B36E-B44277523371}.Release|Any CPU.ActiveCfg = Release|Any CPU
		{784CAAC5-E068-4C9B-B36E-B44277523371}.Release|Any CPU.Build.0 = Release|Any CPU
		{5D3D9A3C-346E-4AEF-A9BF-AC894E811DBF}.Debug|Any CPU.ActiveCfg = Debug|Any CPU
		{5D3D9A3C-346E-4AEF-A9BF-AC894E811DBF}.Debug|Any CPU.Build.0 = Debug|Any CPU
		{5D3D9A3C-346E-4AEF-A9BF-AC894E811DBF}.Release|Any CPU.ActiveCfg = Release|Any CPU
		{5D3D9A3C-346E-4AEF-A9BF-AC894E811DBF}.Release|Any CPU.Build.0 = Release|Any CPU
		{A1AB10B7-A524-4D1B-B184-47E01AD9A35A}.Debug|Any CPU.ActiveCfg = Debug|Any CPU
		{A1AB10B7-A524-4D1B-B184-47E01AD9A35A}.Debug|Any CPU.Build.0 = Debug|Any CPU
		{A1AB10B7-A524-4D1B-B184-47E01AD9A35A}.Release|Any CPU.ActiveCfg = Release|Any CPU
		{A1AB10B7-A524-4D1B-B184-47E01AD9A35A}.Release|Any CPU.Build.0 = Release|Any CPU
		{116D022C-1A4D-42D4-8AD5-A0163C3E23C0}.Debug|Any CPU.ActiveCfg = Debug|Any CPU
		{116D022C-1A4D-42D4-8AD5-A0163C3E23C0}.Debug|Any CPU.Build.0 = Debug|Any CPU
		{116D022C-1A4D-42D4-8AD5-A0163C3E23C0}.Release|Any CPU.ActiveCfg = Release|Any CPU
		{116D022C-1A4D-42D4-8AD5-A0163C3E23C0}.Release|Any CPU.Build.0 = Release|Any CPU
	EndGlobalSection
	GlobalSection(SolutionProperties) = preSolution
		HideSolutionNode = FALSE
	EndGlobalSection
	GlobalSection(ExtensibilityGlobals) = postSolution
		SolutionGuid = {56AA800D-5EEF-43F4-8C51-A809E997444E}
	EndGlobalSection
EndGlobal
